
Microsoft Visual Studio Solution File, Format Version 12.00
# Visual Studio Version 17
VisualStudioVersion = 17.9.34723.18
MinimumVisualStudioVersion = 10.0.40219.1
Project("{9A19103F-16F7-4668-BE54-9A1E7A4F7556}") = "ST10296167_PROG6212_POE", "MainProject\ST10296167_PROG6212_POE.csproj", "{40E9E54C-DEAA-4158-860D-50ED6FE6A986}"
EndProject
Project("{FAE04EC0-301F-11D3-BF4B-00C04F79EFBC}") = "ST10296167_PROG6212_POE_UnitTests", "UnitTests\ST10296167_PROG6212_POE_UnitTests\ST10296167_PROG6212_POE_UnitTests.csproj", "{AF1BAD6A-D33E-4EC3-9958-5420088C6F4A}"
EndProject
Global
	GlobalSection(SolutionConfigurationPlatforms) = preSolution
		Debug|Any CPU = Debug|Any CPU
		Release|Any CPU = Release|Any CPU
	EndGlobalSection
	GlobalSection(ProjectConfigurationPlatforms) = postSolution
		{40E9E54C-DEAA-4158-860D-50ED6FE6A986}.Debug|Any CPU.ActiveCfg = Debug|Any CPU
		{40E9E54C-DEAA-4158-860D-50ED6FE6A986}.Debug|Any CPU.Build.0 = Debug|Any CPU
		{40E9E54C-DEAA-4158-860D-50ED6FE6A986}.Release|Any CPU.ActiveCfg = Release|Any CPU
		{40E9E54C-DEAA-4158-860D-50ED6FE6A986}.Release|Any CPU.Build.0 = Release|Any CPU
		{AF1BAD6A-D33E-4EC3-9958-5420088C6F4A}.Debug|Any CPU.ActiveCfg = Debug|Any CPU
		{AF1BAD6A-D33E-4EC3-9958-5420088C6F4A}.Debug|Any CPU.Build.0 = Debug|Any CPU
		{AF1BAD6A-D33E-4EC3-9958-5420088C6F4A}.Release|Any CPU.ActiveCfg = Release|Any CPU
		{AF1BAD6A-D33E-4EC3-9958-5420088C6F4A}.Release|Any CPU.Build.0 = Release|Any CPU
	EndGlobalSection
	GlobalSection(SolutionProperties) = preSolution
		HideSolutionNode = FALSE
	EndGlobalSection
	GlobalSection(ExtensibilityGlobals) = postSolution
		SolutionGuid = {D1C8978F-2E1D-4DF8-B0D4-21FFC9464AEF}
	EndGlobalSection
EndGlobal
